
Microsoft Visual Studio Solution File, Format Version 12.00
# Visual Studio Version 17
VisualStudioVersion = 17.14.36212.18 d17.14
MinimumVisualStudioVersion = 10.0.40219.1
Project("{FAE04EC0-301F-11D3-BF4B-00C04F79EFBC}") = "Gusheshe", "Gusheshe.csproj", "{A95C8E9F-CC84-4EEC-890F-EFB4DF2C25A6}"
EndProject
Global
	GlobalSection(SolutionConfigurationPlatforms) = preSolution
		Debug|Any CPU = Debug|Any CPU
		Release|Any CPU = Release|Any CPU
	EndGlobalSection
	GlobalSection(ProjectConfigurationPlatforms) = postSolution
		{A95C8E9F-CC84-4EEC-890F-EFB4DF2C25A6}.Debug|Any CPU.ActiveCfg = Debug|Any CPU
		{A95C8E9F-CC84-4EEC-890F-EFB4DF2C25A6}.Debug|Any CPU.Build.0 = Debug|Any CPU
		{A95C8E9F-CC84-4EEC-890F-EFB4DF2C25A6}.Release|Any CPU.ActiveCfg = Release|Any CPU
		{A95C8E9F-CC84-4EEC-890F-EFB4DF2C25A6}.Release|Any CPU.Build.0 = Release|Any CPU
	EndGlobalSection
	GlobalSection(SolutionProperties) = preSolution
		HideSolutionNode = FALSE
	EndGlobalSection
	GlobalSection(ExtensibilityGlobals) = postSolution
		SolutionGuid = {AE2B942E-E3F1-4044-B541-A3B35BCDFF14}
	EndGlobalSection
EndGlobal
